
Microsoft Visual Studio Solution File, Format Version 12.00
# Visual Studio Version 17
VisualStudioVersion = 17.1.32210.238
MinimumVisualStudioVersion = 10.0.40219.1
Project("{FAE04EC0-301F-11D3-BF4B-00C04F79EFBC}") = "TMH306 AVMetot", "TMH306 AVMetot\TMH306 AVMetot.csproj", "{B80861E8-939A-4D1B-B3A7-78B7047AA0DE}"
EndProject
Global
	GlobalSection(SolutionConfigurationPlatforms) = preSolution
		Debug|Any CPU = Debug|Any CPU
		Release|Any CPU = Release|Any CPU
	EndGlobalSection
	GlobalSection(ProjectConfigurationPlatforms) = postSolution
		{B80861E8-939A-4D1B-B3A7-78B7047AA0DE}.Debug|Any CPU.ActiveCfg = Debug|Any CPU
		{B80861E8-939A-4D1B-B3A7-78B7047AA0DE}.Debug|Any CPU.Build.0 = Debug|Any CPU
		{B80861E8-939A-4D1B-B3A7-78B7047AA0DE}.Release|Any CPU.ActiveCfg = Release|Any CPU
		{B80861E8-939A-4D1B-B3A7-78B7047AA0DE}.Release|Any CPU.Build.0 = Release|Any CPU
	EndGlobalSection
	GlobalSection(SolutionProperties) = preSolution
		HideSolutionNode = FALSE
	EndGlobalSection
	GlobalSection(ExtensibilityGlobals) = postSolution
		SolutionGuid = {6FBBE101-D156-4D06-8786-E72E35D96830}
	EndGlobalSection
EndGlobal
